version = 1
revision = 3
requires-python = "==3.10.*"

[[package]]
name = "bcrypt"
version = "5.0.0"
source = { registry = "https://pypi.org/simple" }
sdist = { url = "https://files.pythonhosted.org/packages/d4/36/3329e2518d70ad8e2e5817d5a4cac6bba05a47767ec416c7d020a965f408/bcrypt-5.0.0.tar.gz", hash = "sha256:f748f7c2d6fd375cc93d3fba7ef4a9e3a092421b8dbf34d8d4dc06be9492dfdd", size = 25386, upload-time = "2025-09-25T19:50:47.829Z" }
wheels = [
    { url = "https://files.pythonhosted.org/packages/84/29/6237f151fbfe295fe3e074ecc6d44228faa1e842a81f6d34a02937ee1736/bcrypt-5.0.0-cp38-abi3-macosx_10_12_universal2.whl", hash = "sha256:fc746432b951e92b58317af8e0ca746efe93e66555f1b40888865ef5bf56446b", size = 494553, upload-time = "2025-09-25T19:49:49.006Z" },
    { url = "https://files.pythonhosted.org/packages/45/b6/4c1205dde5e464ea3bd88e8742e19f899c16fa8916fb8510a851fae985b5/bcrypt-5.0.0-cp38-abi3-manylinux2014_aarch64.manylinux_2_17_aarch64.whl", hash = "sha256:c2388ca94ffee269b6038d48747f4ce8df0ffbea43f31abfa18ac72f0218effb", size = 275009, upload-time = "2025-09-25T19:49:50.581Z" },
    { url = "https://files.pythonhosted.org/packages/3b/71/427945e6ead72ccffe77894b2655b695ccf14ae1866cd977e185d606dd2f/bcrypt-5.0.0-cp38-abi3-manylinux2014_x86_64.manylinux_2_17_x86_64.whl", hash = "sha256:560ddb6ec730386e7b3b26b8b4c88197aaed924430e7b74666a586ac997249ef", size = 278029, upload-time = "2025-09-25T19:49:52.533Z" },
    { url = "https://files.pythonhosted.org/packages/17/72/c344825e3b83c5389a369c8a8e58ffe1480b8a699f46c127c34580c4666b/bcrypt-5.0.0-cp38-abi3-manylinux_2_28_aarch64.whl", hash = "sha256:d79e5c65dcc9af213594d6f7f1fa2c98ad3fc10431e7aa53c176b441943efbdd", size = 275907, upload-time = "2025-09-25T19:49:54.709Z" },
    { url = "https://files.pythonhosted.org/packages/0b/7e/d4e47d2df1641a36d1212e5c0514f5291e1a956a7749f1e595c07a972038/bcrypt-5.0.0-cp38-abi3-manylinux_2_28_armv7l.manylinux_2_31_armv7l.whl", hash = "sha256:2b732e7d388fa22d48920baa267ba5d97cca38070b69c0e2d37087b381c681fd", size = 296500, upload-time = "2025-09-25T19:49:56.013Z" },
    { url = "https://files.pythonhosted.org/packages/0f/c3/0ae57a68be2039287ec28bc463b82e4b8dc23f9d12c0be331f4782e19108/bcrypt-5.0.0-cp38-abi3-manylinux_2_28_x86_64.whl", hash = "sha256:0c8e093ea2532601a6f686edbc2c6b2ec24131ff5c52f7610dd64fa4553b5464", size = 278412, upload-time = "2025-09-25T19:49:57.356Z" },
    { url = "https://files.pythonhosted.org/packages/45/2b/77424511adb11e6a99e3a00dcc7745034bee89036ad7d7e255a7e47be7d8/bcrypt-5.0.0-cp38-abi3-manylinux_2_34_aarch64.whl", hash = "sha256:5b1589f4839a0899c146e8892efe320c0fa096568abd9b95593efac50a87cb75", size = 275486, upload-time = "2025-09-25T19:49:59.116Z" },
    { url = "https://files.pythonhosted.org/packages/43/0a/405c753f6158e0f3f14b00b462d8bca31296f7ecfc8fc8bc7919c0c7d73a/bcrypt-5.0.0-cp38-abi3-manylinux_2_34_x86_64.whl", hash = "sha256:89042e61b5e808b67daf24a434d89bab164d4de1746b37a8d173b6b14f3db9ff", size = 277940, upload-time = "2025-09-25T19:50:00.869Z" },
    { url = "https://files.pythonhosted.org/packages/62/83/b3efc285d4aadc1fa83db385ec64dcfa1707e890eb42f03b127d66ac1b7b/bcrypt-5.0.0-cp38-abi3-musllinux_1_1_aarch64.whl", hash = "sha256:e3cf5b2560c7b5a142286f69bde914494b6d8f901aaa71e453078388a50881c4", size = 310776, upload-time = "2025-09-25T19:50:02.393Z" },
    { url = "https://files.pythonhosted.org/packages/95/7d/47ee337dacecde6d234890fe929936cb03ebc4c3a7460854bbd9c97780b8/bcrypt-5.0.0-cp38-abi3-musllinux_1_1_x86_64.whl", hash = "sha256:f632fd56fc4e61564f78b46a2269153122db34988e78b6be8b32d28507b7eaeb", size = 312922, upload-time = "2025-09-25T19:50:04.232Z" },
    { url = "https://files.pythonhosted.org/packages/d6/3a/43d494dfb728f55f4e1cf8fd435d50c16a2d75493225b54c8d06122523c6/bcrypt-5.0.0-cp38-abi3-musllinux_1_2_aarch64.whl", hash = "sha256:801cad5ccb6b87d1b430f183269b94c24f248dddbbc5c1f78b6ed231743e001c", size = 341367, upload-time = "2025-09-25T19:50:05.559Z" },
    { url = "https://files.pythonhosted.org/packages/55/ab/a0727a4547e383e2e22a630e0f908113db37904f58719dc48d4622139b5c/bcrypt-5.0.0-cp38-abi3-musllinux_1_2_x86_64.whl", hash = "sha256:3cf67a804fc66fc217e6914a5635000259fbbbb12e78a99488e4d5ba445a71eb", size = 359187, upload-time = "2025-09-25T19:50:06.916Z" },
    { url = "https://files.pythonhosted.org/packages/1b/bb/461f352fdca663524b4643d8b09e8435b4990f17fbf4fea6bc2a90aa0cc7/bcrypt-5.0.0-cp38-abi3-win32.whl", hash = "sha256:3abeb543874b2c0524ff40c57a4e14e5d3a66ff33fb423529c88f180fd756538", size = 153752, upload-time = "2025-09-25T19:50:08.515Z" },
    { url = "https://files.pythonhosted.org/packages/41/aa/4190e60921927b7056820291f56fc57d00d04757c8b316b2d3c0d1d6da2c/bcrypt-5.0.0-cp38-abi3-win_amd64.whl", hash = "sha256:35a77ec55b541e5e583eb3436ffbbf53b0ffa1fa16ca6782279daf95d146dcd9", size = 150881, upload-time = "2025-09-25T19:50:09.742Z" },
    { url = "https://files.pythonhosted.org/packages/54/12/cd77221719d0b39ac0b55dbd39358db1cd1246e0282e104366ebbfb8266a/bcrypt-5.0.0-cp38-abi3-win_arm64.whl", hash = "sha256:cde08734f12c6a4e28dc6755cd11d3bdfea608d93d958fffbe95a7026ebe4980", size = 144931, upload-time = "2025-09-25T19:50:11.016Z" },
    { url = "https://files.pythonhosted.org/packages/5d/ba/2af136406e1c3839aea9ecadc2f6be2bcd1eff255bd451dd39bcf302c47a/bcrypt-5.0.0-cp39-abi3-macosx_10_12_universal2.whl", hash = "sha256:0c418ca99fd47e9c59a301744d63328f17798b5947b0f791e9af3c1c499c2d0a", size = 495313, upload-time = "2025-09-25T19:50:12.309Z" },
    { url = "https://files.pythonhosted.org/packages/ac/ee/2f4985dbad090ace5ad1f7dd8ff94477fe089b5fab2040bd784a3d5f187b/bcrypt-5.0.0-cp39-abi3-manylinux2014_aarch64.manylinux_2_17_aarch64.whl", hash = "sha256:ddb4e1500f6efdd402218ffe34d040a1196c072e07929b9820f363a1fd1f4191", size = 275290, upload-time = "2025-09-25T19:50:13.673Z" },
    { url = "https://files.pythonhosted.org/packages/e4/6e/b77ade812672d15cf50842e167eead80ac3514f3beacac8902915417f8b7/bcrypt-5.0.0-cp39-abi3-manylinux2014_x86_64.manylinux_2_17_x86_64.whl", hash = "sha256:7aeef54b60ceddb6f30ee3db090351ecf0d40ec6e2abf41430997407a46d2254", size = 278253, upload-time = "2025-09-25T19:50:15.089Z" },
    { url = "https://files.pythonhosted.org/packages/36/c4/ed00ed32f1040f7990dac7115f82273e3c03da1e1a1587a778d8cea496d8/bcrypt-5.0.0-cp39-abi3-manylinux_2_28_aarch64.whl", hash = "sha256:f0ce778135f60799d89c9693b9b398819d15f1921ba15fe719acb3178215a7db", size = 276084, upload-time = "2025-09-25T19:50:16.699Z" },
    { url = "https://files.pythonhosted.org/packages/e7/c4/fa6e16145e145e87f1fa351bbd54b429354fd72145cd3d4e0c5157cf4c70/bcrypt-5.0.0-cp39-abi3-manylinux_2_28_armv7l.manylinux_2_31_armv7l.whl", hash = "sha256:a71f70ee269671460b37a449f5ff26982a6f2ba493b3eabdd687b4bf35f875ac", size = 297185, upload-time = "2025-09-25T19:50:18.525Z" },
    { url = "https://files.pythonhosted.org/packages/24/b4/11f8a31d8b67cca3371e046db49baa7c0594d71eb40ac8121e2fc0888db0/bcrypt-5.0.0-cp39-abi3-manylinux_2_28_x86_64.whl", hash = "sha256:f8429e1c410b4073944f03bd778a9e066e7fad723564a52ff91841d278dfc822", size = 278656, upload-time = "2025-09-25T19:50:19.809Z" },
    { url = "https://files.pythonhosted.org/packages/ac/31/79f11865f8078e192847d2cb526e3fa27c200933c982c5b2869720fa5fce/bcrypt-5.0.0-cp39-abi3-manylinux_2_34_aarch64.whl", hash = "sha256:edfcdcedd0d0f05850c52ba3127b1fce70b9f89e0fe5ff16517df7e81fa3cbb8", size = 275662, upload-time = "2025-09-25T19:50:21.567Z" },
    { url = "https://files.pythonhosted.org/packages/d4/8d/5e43d9584b3b3591a6f9b68f755a4da879a59712981ef5ad2a0ac1379f7a/bcrypt-5.0.0-cp39-abi3-manylinux_2_34_x86_64.whl", hash = "sha256:611f0a17aa4a25a69362dcc299fda5c8a3d4f160e2abb3831041feb77393a14a", size = 278240, upload-time = "2025-09-25T19:50:23.305Z" },
    { url = "https://files.pythonhosted.org/packages/89/48/44590e3fc158620f680a978aafe8f87a4c4320da81ed11552f0323aa9a57/bcrypt-5.0.0-cp39-abi3-musllinux_1_1_aarch64.whl", hash = "sha256:db99dca3b1fdc3db87d7c57eac0c82281242d1eabf19dcb8a6b10eb29a2e72d1", size = 311152, upload-time = "2025-09-25T19:50:24.597Z" },
    { url = "https://files.pythonhosted.org/packages/5f/85/e4fbfc46f14f47b0d20493669a625da5827d07e8a88ee460af6cd9768b44/bcrypt-5.0.0-cp39-abi3-musllinux_1_1_x86_64.whl", hash = "sha256:5feebf85a9cefda32966d8171f5db7e3ba964b77fdfe31919622256f80f9cf42", size = 313284, upload-time = "2025-09-25T19:50:26.268Z" },
    { url = "https://files.pythonhosted.org/packages/25/ae/479f81d3f4594456a01ea2f05b132a519eff9ab5768a70430fa1132384b1/bcrypt-5.0.0-cp39-abi3-musllinux_1_2_aarch64.whl", hash = "sha256:3ca8a166b1140436e058298a34d88032ab62f15aae1c598580333dc21d27ef10", size = 341643, upload-time = "2025-09-25T19:50:28.02Z" },
    { url = "https://files.pythonhosted.org/packages/df/d2/36a086dee1473b14276cd6ea7f61aef3b2648710b5d7f1c9e032c29b859f/bcrypt-5.0.0-cp39-abi3-musllinux_1_2_x86_64.whl", hash = "sha256:61afc381250c3182d9078551e3ac3a41da14154fbff647ddf52a769f588c4172", size = 359698, upload-time = "2025-09-25T19:50:31.347Z" },
    { url = "https://files.pythonhosted.org/packages/c0/f6/688d2cd64bfd0b14d805ddb8a565e11ca1fb0fd6817175d58b10052b6d88/bcrypt-5.0.0-cp39-abi3-win32.whl", hash = "sha256:64d7ce196203e468c457c37ec22390f1a61c85c6f0b8160fd752940ccfb3a683", size = 153725, upload-time = "2025-09-25T19:50:34.384Z" },
    { url = "https://files.pythonhosted.org/packages/9f/b9/9d9a641194a730bda138b3dfe53f584d61c58cd5230e37566e83ec2ffa0d/bcrypt-5.0.0-cp39-abi3-win_amd64.whl", hash = "sha256:64ee8434b0da054d830fa8e89e1c8bf30061d539044a39524ff7dec90481e5c2", size = 150912, upload-time = "2025-09-25T19:50:35.69Z" },
    { url = "https://files.pythonhosted.org/packages/27/44/d2ef5e87509158ad2187f4dd0852df80695bb1ee0cfe0a684727b01a69e0/bcrypt-5.0.0-cp39-abi3-win_arm64.whl", hash = "sha256:f2347d3534e76bf50bca5500989d6c1d05ed64b440408057a37673282c654927", size = 144953, upload-time = "2025-09-25T19:50:37.32Z" },
]

[[package]]
name = "cffi"
version = "2.1.0"
source = { registry = "https://pypi.org/simple" }
dependencies = [
    { name = "pycparser", marker = "implementation_name != 'PyPy'" },
]
sdist = { url = "https://files.pythonhosted.org/packages/57/5f/ff100cae70ebe9d8df1c01a00e510e45d9adb5c1fdda84791b199141de97/cffi-2.1.0.tar.gz", hash = "sha256:efc1cdd798b1aaf39b4610bba7aad28c9bea9b910f25c784ccf9ec1fa719d1f9", size = 531036, upload-time = "2026-07-06T21:34:30.382Z" }
wheels = [
    { url = "https://files.pythonhosted.org/packages/c0/e9/6d7724983b3d5a0908dbf74f64038ade77c18646ff6636ec7894fd392ce1/cffi-2.1.0-cp310-cp310-macosx_10_15_x86_64.whl", hash = "sha256:b65f590ef2a44640f9a05dbb548a429b4ade77913ce683ac8b1480777658a6c0", size = 183837, upload-time = "2026-07-06T21:32:09.655Z" },
    { url = "https://files.pythonhosted.org/packages/69/aa/24580a278de21fd7322635556334d9b535f1cbc00b0a3919447cdf464c65/cffi-2.1.0-cp310-cp310-macosx_11_0_arm64.whl", hash = "sha256:164bff1657b2a74f0b6d54e11c9b375bc97b931f2ca9c43fcf875838da1570dd", size = 184226, upload-time = "2026-07-06T21:32:11.196Z" },
    { url = "https://files.pythonhosted.org/packages/88/a9/02cae418ec4beb282ace11958d9d4737793439d561fadc7e6d56f2e2b354/cffi-2.1.0-cp310-cp310-manylinux1_i686.manylinux2014_i686.manylinux_2_17_i686.manylinux_2_5_i686.whl", hash = "sha256:c941bb58d5a6e1c3892d86e42927ed6c180302f07e6d395d08c416e594b98b46", size = 211107, upload-time = "2026-07-06T21:32:12.328Z" },
    { url = "https://files.pythonhosted.org/packages/3b/30/c806937ed5e4c2c7ac30d9d6b76b5dc57ff8b75d83800d9bb11a8253cf2a/cffi-2.1.0-cp310-cp310-manylinux2014_aarch64.manylinux_2_17_aarch64.whl", hash = "sha256:a016194dbe13d14ee9556e734b772d8d67b947092b268d757fd4290e3ba2dfc2", size = 218733, upload-time = "2026-07-06T21:32:13.67Z" },
    { url = "https://files.pythonhosted.org/packages/f9/cf/398272b8bbfd58aa314fda5a7f1cdbb26d1d78ae324a11211521315dd1f0/cffi-2.1.0-cp310-cp310-manylinux2014_ppc64le.manylinux_2_17_ppc64le.whl", hash = "sha256:03e9810d18c646077e501f661b682fbf5dee4676048527ca3cffe66faa9960dd", size = 205543, upload-time = "2026-07-06T21:32:15.148Z" },
    { url = "https://files.pythonhosted.org/packages/45/ca/f91641185cdd90c36d317a9dc7f85e88ef8682d8b300977baff5e23c35d8/cffi-2.1.0-cp310-cp310-manylinux2014_s390x.manylinux_2_17_s390x.whl", hash = "sha256:19c54ac121cad98450b4896fa9a43ee0180d57bc4bc911a33db6cab1efab6cd3", size = 205460, upload-time = "2026-07-06T21:32:16.479Z" },
    { url = "https://files.pythonhosted.org/packages/38/66/04781a77b411f0bb5b234d62c1814754ab75ebe455ccff1b08e8d7aae98f/cffi-2.1.0-cp310-cp310-manylinux2014_x86_64.manylinux_2_17_x86_64.whl", hash = "sha256:4d433a51f1870e43a13b6732f92aaf540ff77c2015097c78556f75a2d6c030e0", size = 218760, upload-time = "2026-07-06T21:32:17.98Z" },
    { url = "https://files.pythonhosted.org/packages/d0/9a/bb1d5ed9c3fcae158e9f6391bf309c95d98c2ac37ed56573228471d0af5e/cffi-2.1.0-cp310-cp310-musllinux_1_2_aarch64.whl", hash = "sha256:3d7f118b5adbfdfead90c25822690b02bc8074fba949bb7858bec4ebd55adb43", size = 221230, upload-time = "2026-07-06T21:32:19.407Z" },
    { url = "https://files.pythonhosted.org/packages/41/aa/3c1409cdd26094efacd1c36c66e0a6eb9d4296e4fd4f9901b8b2042f4323/cffi-2.1.0-cp310-cp310-musllinux_1_2_i686.whl", hash = "sha256:c5f5df567f6eb216de69be06ce55c8b714090fae02b18a3b40da8163b8c5fa9c", size = 213524, upload-time = "2026-07-06T21:32:20.828Z" },
    { url = "https://files.pythonhosted.org/packages/fa/75/74dfb7c3fc6ebbd408038476bd4c1d7e925c62614e7b9c534ecc34218288/cffi-2.1.0-cp310-cp310-musllinux_1_2_x86_64.whl", hash = "sha256:11b3fb55f4f8ad92274ed26705f65d8f91457de71f5380061eb6d125a768fecd", size = 220341, upload-time = "2026-07-06T21:32:21.9Z" },
    { url = "https://files.pythonhosted.org/packages/70/b6/9003c33a3e7d2c1306f5962e646457dcfe5a8cd8fce6bbe02d7af25db783/cffi-2.1.0-cp310-cp310-win32.whl", hash = "sha256:9d72af0cf10a76a600a9690078fe31c63b9588c8e86bf9fd353f713c84b5db0f", size = 174578, upload-time = "2026-07-06T21:32:23.073Z" },
    { url = "https://files.pythonhosted.org/packages/8a/26/710688310447531c7a22f857c7f79d9855ec18b03e04494ced723fb37e2f/cffi-2.1.0-cp310-cp310-win_amd64.whl", hash = "sha256:fb62edb5bb52cca65fab91a63afa7561607120d26090a7e8fda6fb9f064726da", size = 185071, upload-time = "2026-07-06T21:32:24.671Z" },
]

[[package]]
name = "cryptography"
version = "49.0.0"
source = { registry = "https://pypi.org/simple" }
dependencies = [
    { name = "cffi", marker = "platform_python_implementation != 'PyPy'" },
    { name = "typing-extensions" },
]
sdist = { url = "https://files.pythonhosted.org/packages/1f/99/d1c90d6041656cc6ee229dc99cd67fd0cd5aec3c5f7d72fffc27cc750054/cryptography-49.0.0.tar.gz", hash = "sha256:f89660a348f4f78a92366240a61404e337586ef7f5909a2fef59ca88ef505493", size = 854345, upload-time = "2026-06-12T20:02:30.512Z" }
wheels = [
    { url = "https://files.pythonhosted.org/packages/9b/22/adf66990e63584a68dfb50c24f48a125c07b1699899381c8151e63ed458c/cryptography-49.0.0-cp311-abi3-macosx_11_0_arm64.whl", hash = "sha256:966fe0e9c67490071f14c0d2b1cb2dfb3023c5ce39457343931415f08382f2db", size = 4032100, upload-time = "2026-06-12T20:02:32.143Z" },
    { url = "https://files.pythonhosted.org/packages/09/41/3797cfaf69cae04a13ee78ebd83f0678d9c02b4779d21ce24445326f1a69/cryptography-49.0.0-cp311-abi3-manylinux2014_aarch64.manylinux_2_17_aarch64.whl", hash = "sha256:36d1709f992593689b45bda411498d62c6e365f2ca00b84657d4dadd24de16db", size = 4692978, upload-time = "2026-06-12T20:01:21.305Z" },
    { url = "https://files.pythonhosted.org/packages/e6/8b/43011f7ebe515a8aa20d61f290a326cd890c2e738e16e59eaff8d9c3a412/cryptography-49.0.0-cp311-abi3-manylinux2014_x86_64.manylinux_2_17_x86_64.whl", hash = "sha256:0e959b578856a3924bc0cbb710fc12c387b9412a951389f3ca61704a9e25f325", size = 4716422, upload-time = "2026-06-12T20:01:48.566Z" },
    { url = "https://files.pythonhosted.org/packages/4a/91/01ce7303a4579e6d3a6abef01bd322848e9ea7a219adcabc5048b9033571/cryptography-49.0.0-cp311-abi3-manylinux_2_28_aarch64.whl", hash = "sha256:53ecee2e23f7169b6117e99fc8a944e5e50f79e69758a83b52a00cb98ab2b2d2", size = 4700503, upload-time = "2026-06-12T20:02:47.091Z" },
    { url = "https://files.pythonhosted.org/packages/62/99/a2c95cf8293f07491e9e27c20cc4dcd18176d944e674679adeb1d0173fd6/cryptography-49.0.0-cp311-abi3-manylinux_2_28_ppc64le.whl", hash = "sha256:2eda353d8a27bcbcaa4cbed18994a74ab4d19a2ca897db188ea269ab9b71419b", size = 5309779, upload-time = "2026-06-12T20:02:08.987Z" },
    { url = "https://files.pythonhosted.org/packages/20/2c/0622f20ff02b2ef32558733443805dc82fd4c275be01b2d19d14676f3a1b/cryptography-49.0.0-cp311-abi3-manylinux_2_28_x86_64.whl", hash = "sha256:2afe9051da7ae7bd5905da5a949280c7d2bb75682e188f650a9d0f2756b834c6", size = 4749683, upload-time = "2026-06-12T20:02:03.335Z" },
    { url = "https://files.pythonhosted.org/packages/a3/5b/c5246635d5fd3b64e0d45ae10e99fd32fe9676a79915ccfe5a61ba9af1a5/cryptography-49.0.0-cp311-abi3-manylinux_2_31_armv7l.whl", hash = "sha256:0b82e28ee398a386f0807bba7884d30f25218855690f45115831bcce5d90822c", size = 4337874, upload-time = "2026-06-12T20:02:54.323Z" },
    { url = "https://files.pythonhosted.org/packages/6d/88/05563c7fe2e914e87d1a536d06fe83e66b4e1d95cb593e05aea375531da8/cryptography-49.0.0-cp311-abi3-manylinux_2_34_aarch64.whl", hash = "sha256:ccac2bfebc306b862133e3bb71f3f6ee8bb525240089b2d952e4144b3a6d5da7", size = 4700283, upload-time = "2026-06-12T20:01:34.822Z" },
    { url = "https://files.pythonhosted.org/packages/c4/b6/d7696e4e890d6ae1469935164c9e5215c557671cb78d6e3f458ccceaa632/cryptography-49.0.0-cp311-abi3-manylinux_2_34_ppc64le.whl", hash = "sha256:d0527ce944105f257f605a827d6ebead966c752038b6e8656abb9c5edee6fc68", size = 5265844, upload-time = "2026-06-12T20:01:24.09Z" },
    { url = "https://files.pythonhosted.org/packages/a9/3c/f3ad17eecc1a57b0ba236dc01f90e783c51f4a2f35f64777cc4f47a184b2/cryptography-49.0.0-cp311-abi3-manylinux_2_34_x86_64.whl", hash = "sha256:cbc77da8c523d5abd028635ba850a6966fcee2c82e2bf65a41d1d8afe0f98be9", size = 4749290, upload-time = "2026-06-12T20:01:30.848Z" },
    { url = "https://files.pythonhosted.org/packages/4f/01/339573cf1023163a400b0b5d16f6d507de413b9f60be6fd1b77feeaf6737/cryptography-49.0.0-cp311-abi3-musllinux_1_2_aarch64.whl", hash = "sha256:b87e65d263b3e5d3bb92a57e2a6638e2f31110fa7aa890c7b2dbba42248d0a3f", size = 4834612, upload-time = "2026-06-12T20:01:29.246Z" },
    { url = "https://files.pythonhosted.org/packages/71/fd/577302e213a1be9468f92d1afef66fcf1ef83d516819d9992ca547f592bd/cryptography-49.0.0-cp311-abi3-musllinux_1_2_x86_64.whl", hash = "sha256:66ec79c3904820572d7e987abdf304281f141d37ad9a489b8e97066e7b9b6459", size = 4980804, upload-time = "2026-06-12T20:01:42.853Z" },
    { url = "https://files.pythonhosted.org/packages/1f/09/f42b1d190c5ba75f72062a387f8030d1d75f6ab035788f1d9c4b01de6525/cryptography-49.0.0-cp311-abi3-win_amd64.whl", hash = "sha256:e5dfc1e64de5677cec922ffa8da89c546d0415bf6efdf081842e5d44c84e1f0e", size = 3810026, upload-time = "2026-06-12T20:02:39.262Z" },
    { url = "https://files.pythonhosted.org/packages/19/2a/5bb823f5bedcf80718cea7fbc95ec5515cca3769633c4b01a32be7f30e7c/cryptography-49.0.0-cp39-abi3-macosx_11_0_arm64.whl", hash = "sha256:ec5e529fb80935c94fe7b729f9972b50e351a0e6b50aa294fd5cabb109fcc29a", size = 4025947, upload-time = "2026-06-12T20:01:25.745Z" },
    { url = "https://files.pythonhosted.org/packages/3d/df/40577043ca124e17012f408ddddaeb213b856336ac82ddb3bc915f39e29f/cryptography-49.0.0-cp39-abi3-manylinux2014_aarch64.manylinux_2_17_aarch64.whl", hash = "sha256:f78ff2c9ed8dc2d036b0f4d640e22522213d047c1b14e61205a7e55c80a494d4", size = 4692429, upload-time = "2026-06-12T20:01:53.628Z" },
    { url = "https://files.pythonhosted.org/packages/2c/99/2d13299eb3dd27b02dcfaafcc91d6b5cb3329f7cbd6d8f51921acd566c1a/cryptography-49.0.0-cp39-abi3-manylinux2014_x86_64.manylinux_2_17_x86_64.whl", hash = "sha256:35b151772baff2c74cba7fa290ceaff4c3b11c0c881eb93eb5dbc05a7cfbba18", size = 4700968, upload-time = "2026-06-12T20:02:45.383Z" },
    { url = "https://files.pythonhosted.org/packages/a5/4d/9c0cd02f95e2602dd5e563da149ee0830abef3537be8b34dc56281ebe27a/cryptography-49.0.0-cp39-abi3-manylinux_2_28_aarch64.whl", hash = "sha256:0f21641cf4b30fca7aee061ced0ec7ad7b073518088b7c9969a297c0ae796c69", size = 4697758, upload-time = "2026-06-12T20:01:41.13Z" },
    { url = "https://files.pythonhosted.org/packages/24/01/186c825898477d77e2324d5360fefe622ff1d8d1963ec0554e2cada8ec77/cryptography-49.0.0-cp39-abi3-manylinux_2_28_ppc64le.whl", hash = "sha256:9e82dcc8e56052715fb18b2429e3bca4823b1629136a2084fc45a9a5cecb9b64", size = 5298863, upload-time = "2026-06-12T20:02:24.579Z" },
    { url = "https://files.pythonhosted.org/packages/b8/7b/62cbbab75d0659865bf0273790031544a0b16c8072d258f9428dcd8190dc/cryptography-49.0.0-cp39-abi3-manylinux_2_28_x86_64.whl", hash = "sha256:6f2debedf9ca60cf1d5bd466475638af5130f89965605cd818484d19987d3a21", size = 4735983, upload-time = "2026-06-12T20:01:50.14Z" },
    { url = "https://files.pythonhosted.org/packages/6c/72/3e798c064bc39e471008075d0f9bc9daf77a80879c092e4a8e170c585ed4/cryptography-49.0.0-cp39-abi3-manylinux_2_31_armv7l.whl", hash = "sha256:8c25ceb16df5b9435f3f6a9829204985b0e0cbee3b48aacd432c7d2c850b44d9", size = 4334173, upload-time = "2026-06-12T20:01:44.743Z" },
    { url = "https://files.pythonhosted.org/packages/f0/ee/6fca21d1ac73e06f8bef71940abfd4d2f6472b4bca284d770f32bd4086f6/cryptography-49.0.0-cp39-abi3-manylinux_2_34_aarch64.whl", hash = "sha256:28d8b15e6275f12c8a207dc309dfa957903c927d08d0cc937ee3f63f200693cc", size = 4697298, upload-time = "2026-06-12T20:02:20.918Z" },
    { url = "https://files.pythonhosted.org/packages/67/d0/a5fcd3515f0bae49a7b6d0413cc1bdccdcc1fc0047037a0d480642cdc5d6/cryptography-49.0.0-cp39-abi3-manylinux_2_34_ppc64le.whl", hash = "sha256:6fc361c34fb6aac015ce19435876635e5c6d21db31998b0920f675f131e043b8", size = 5254338, upload-time = "2026-06-12T20:02:22.737Z" },
    { url = "https://files.pythonhosted.org/packages/a0/84/84fe36f19caf857d61cb7fc9c63035a47ffabd84ea12d1d393148efa3615/cryptography-49.0.0-cp39-abi3-manylinux_2_34_x86_64.whl", hash = "sha256:2400ef9c9e2299a25614eb1dea3db54a69b1349efd043bfac9c67630d136df36", size = 4735650, upload-time = "2026-06-12T20:02:41.389Z" },
    { url = "https://files.pythonhosted.org/packages/6c/a0/db537264e234f7273a73ec020873d6d6b39dfd8a53db78b550ca8320440e/cryptography-49.0.0-cp39-abi3-musllinux_1_2_aarch64.whl", hash = "sha256:67e1d20ad9ef3a563c59ef22e7a8a0b8210bd26604369ea4a30a7c66aefe504e", size = 4834820, upload-time = "2026-06-12T20:01:51.847Z" },
    { url = "https://files.pythonhosted.org/packages/93/77/8df9eb486495979bccecd1062e2eaf435250e84437040295b57d09048b0b/cryptography-49.0.0-cp39-abi3-musllinux_1_2_x86_64.whl", hash = "sha256:42b0684e0e40cf26122427802486f6d93aea593612603a94fbf260c7eb1e9c1b", size = 4967968, upload-time = "2026-06-12T20:02:12.524Z" },
    { url = "https://files.pythonhosted.org/packages/c2/e6/f60198ea8d9dfa15fff9ed4ca02ce362f6eadd9ba757dcc50634c4257b63/cryptography-49.0.0-cp39-abi3-win_amd64.whl", hash = "sha256:026ac7423e6fa66872d3bf889be5974507da3944f866f704fa200eadacd00001", size = 3785547, upload-time = "2026-06-12T20:02:26.847Z" },
]

[[package]]
name = "flake8"
version = "7.3.0"
source = { registry = "https://pypi.org/simple" }
dependencies = [
    { name = "mccabe" },
    { name = "pycodestyle" },
    { name = "pyflakes" },
]
sdist = { url = "https://files.pythonhosted.org/packages/9b/af/fbfe3c4b5a657d79e5c47a2827a362f9e1b763336a52f926126aa6dc7123/flake8-7.3.0.tar.gz", hash = "sha256:fe044858146b9fc69b551a4b490d69cf960fcb78ad1edcb84e7fbb1b4a8e3872", size = 48326, upload-time = "2025-06-20T19:31:35.838Z" }
wheels = [
    { url = "https://files.pythonhosted.org/packages/9f/56/13ab06b4f93ca7cac71078fbe37fcea175d3216f31f85c3168a6bbd0bb9a/flake8-7.3.0-py2.py3-none-any.whl", hash = "sha256:b9696257b9ce8beb888cdbe31cf885c90d31928fe202be0889a7cdafad32f01e", size = 57922, upload-time = "2025-06-20T19:31:34.425Z" },
]

[[package]]
name = "invoke"
version = "3.0.3"
source = { registry = "https://pypi.org/simple" }
sdist = { url = "https://files.pythonhosted.org/packages/33/f6/227c48c5fe47fa178ccf1fda8f047d16c97ba926567b661e9ce2045c600c/invoke-3.0.3.tar.gz", hash = "sha256:437b6a622223824380bfb4e64f612711a6b648c795f565efc8625af66fb57f0c", size = 343419, upload-time = "2026-04-07T15:17:48.307Z" }
wheels = [
    { url = "https://files.pythonhosted.org/packages/5a/de/bbc12563bbf979618d17625a4e753ff7a078523e28d870d3626daa97261a/invoke-3.0.3-py3-none-any.whl", hash = "sha256:f11327165e5cbb89b2ad1d88d3292b5113332c43b8553b494da435d6ec6f5053", size = 160958, upload-time = "2026-04-07T15:17:46.875Z" },
]

[[package]]
name = "isort"
version = "8.0.1"
source = { registry = "https://pypi.org/simple" }
sdist = { url = "https://files.pythonhosted.org/packages/ef/7c/ec4ab396d31b3b395e2e999c8f46dec78c5e29209fac49d1f4dace04041d/isort-8.0.1.tar.gz", hash = "sha256:171ac4ff559cdc060bcfff550bc8404a486fee0caab245679c2abe7cb253c78d", size = 769592, upload-time = "2026-02-28T10:08:20.685Z" }
wheels = [
    { url = "https://files.pythonhosted.org/packages/3e/95/c7c34aa53c16353c56d0b802fba48d5f5caa2cdee7958acbcb795c830416/isort-8.0.1-py3-none-any.whl", hash = "sha256:28b89bc70f751b559aeca209e6120393d43fbe2490de0559662be7a9787e3d75", size = 89733, upload-time = "2026-02-28T10:08:19.466Z" },
]

[[package]]
name = "mccabe"
version = "0.7.0"
source = { registry = "https://pypi.org/simple" }
sdist = { url = "https://files.pythonhosted.org/packages/e7/ff/0ffefdcac38932a54d2b5eed4e0ba8a408f215002cd178ad1df0f2806ff8/mccabe-0.7.0.tar.gz", hash = "sha256:348e0240c33b60bbdf4e523192ef919f28cb2c3d7d5c7794f74009290f236325", size = 9658, upload-time = "2022-01-24T01:14:51.113Z" }
wheels = [
    { url = "https://files.pythonhosted.org/packages/27/1a/1f68f9ba0c207934b35b86a8ca3aad8395a3d6dd7921c0686e23853ff5a9/mccabe-0.7.0-py2.py3-none-any.whl", hash = "sha256:6c2d30ab6be0e4a46919781807b4f0d834ebdd6c6e3dca0bda5a15f863427b6e", size = 7350, upload-time = "2022-01-24T01:14:49.62Z" },
]

[[package]]
name = "numpy"
version = "2.2.6"
source = { registry = "https://pypi.org/simple" }
sdist = { url = "https://files.pythonhosted.org/packages/76/21/7d2a95e4bba9dc13d043ee156a356c0a8f0c6309dff6b21b4d71a073b8a8/numpy-2.2.6.tar.gz", hash = "sha256:e29554e2bef54a90aa5cc07da6ce955accb83f21ab5de01a62c8478897b264fd", size = 20276440, upload-time = "2025-05-17T22:38:04.611Z" }
wheels = [
    { url = "https://files.pythonhosted.org/packages/9a/3e/ed6db5be21ce87955c0cbd3009f2803f59fa08df21b5df06862e2d8e2bdd/numpy-2.2.6-cp310-cp310-macosx_10_9_x86_64.whl", hash = "sha256:b412caa66f72040e6d268491a59f2c43bf03eb6c96dd8f0307829feb7fa2b6fb", size = 21165245, upload-time = "2025-05-17T21:27:58.555Z" },
    { url = "https://files.pythonhosted.org/packages/22/c2/4b9221495b2a132cc9d2eb862e21d42a009f5a60e45fc44b00118c174bff/numpy-2.2.6-cp310-cp310-macosx_11_0_arm64.whl", hash = "sha256:8e41fd67c52b86603a91c1a505ebaef50b3314de0213461c7a6e99c9a3beff90", size = 14360048, upload-time = "2025-05-17T21:28:21.406Z" },
    { url = "https://files.pythonhosted.org/packages/fd/77/dc2fcfc66943c6410e2bf598062f5959372735ffda175b39906d54f02349/numpy-2.2.6-cp310-cp310-macosx_14_0_arm64.whl", hash = "sha256:37e990a01ae6ec7fe7fa1c26c55ecb672dd98b19c3d0e1d1f326fa13cb38d163", size = 5340542, upload-time = "2025-05-17T21:28:30.931Z" },
    { url = "https://files.pythonhosted.org/packages/7a/4f/1cb5fdc353a5f5cc7feb692db9b8ec2c3d6405453f982435efc52561df58/numpy-2.2.6-cp310-cp310-macosx_14_0_x86_64.whl", hash = "sha256:5a6429d4be8ca66d889b7cf70f536a397dc45ba6faeb5f8c5427935d9592e9cf", size = 6878301, upload-time = "2025-05-17T21:28:41.613Z" },
    { url = "https://files.pythonhosted.org/packages/eb/17/96a3acd228cec142fcb8723bd3cc39c2a474f7dcf0a5d16731980bcafa95/numpy-2.2.6-cp310-cp310-manylinux_2_17_aarch64.manylinux2014_aarch64.whl", hash = "sha256:efd28d4e9cd7d7a8d39074a4d44c63eda73401580c5c76acda2ce969e0a38e83", size = 14297320, upload-time = "2025-05-17T21:29:02.78Z" },
    { url = "https://files.pythonhosted.org/packages/b4/63/3de6a34ad7ad6646ac7d2f55ebc6ad439dbbf9c4370017c50cf403fb19b5/numpy-2.2.6-cp310-cp310-manylinux_2_17_x86_64.manylinux2014_x86_64.whl", hash = "sha256:fc7b73d02efb0e18c000e9ad8b83480dfcd5dfd11065997ed4c6747470ae8915", size = 16801050, upload-time = "2025-05-17T21:29:27.675Z" },
    { url = "https://files.pythonhosted.org/packages/07/b6/89d837eddef52b3d0cec5c6ba0456c1bf1b9ef6a6672fc2b7873c3ec4e2e/numpy-2.2.6-cp310-cp310-musllinux_1_2_aarch64.whl", hash = "sha256:74d4531beb257d2c3f4b261bfb0fc09e0f9ebb8842d82a7b4209415896adc680", size = 15807034, upload-time = "2025-05-17T21:29:51.102Z" },
    { url = "https://files.pythonhosted.org/packages/01/c8/dc6ae86e3c61cfec1f178e5c9f7858584049b6093f843bca541f94120920/numpy-2.2.6-cp310-cp310-musllinux_1_2_x86_64.whl", hash = "sha256:8fc377d995680230e83241d8a96def29f204b5782f371c532579b4f20607a289", size = 18614185, upload-time = "2025-05-17T21:30:18.703Z" },
    { url = "https://files.pythonhosted.org/packages/5b/c5/0064b1b7e7c89137b471ccec1fd2282fceaae0ab3a9550f2568782d80357/numpy-2.2.6-cp310-cp310-win32.whl", hash = "sha256:b093dd74e50a8cba3e873868d9e93a85b78e0daf2e98c6797566ad8044e8363d", size = 6527149, upload-time = "2025-05-17T21:30:29.788Z" },
    { url = "https://files.pythonhosted.org/packages/a3/dd/4b822569d6b96c39d1215dbae0582fd99954dcbcf0c1a13c61783feaca3f/numpy-2.2.6-cp310-cp310-win_amd64.whl", hash = "sha256:f0fd6321b839904e15c46e0d257fdd101dd7f530fe03fd6359c1ea63738703f3", size = 12904620, upload-time = "2025-05-17T21:30:48.994Z" },
    { url = "https://files.pythonhosted.org/packages/9e/3b/d94a75f4dbf1ef5d321523ecac21ef23a3cd2ac8b78ae2aac40873590229/numpy-2.2.6-pp310-pypy310_pp73-macosx_10_15_x86_64.whl", hash = "sha256:0b605b275d7bd0c640cad4e5d30fa701a8d59302e127e5f79138ad62762c3e3d", size = 21040391, upload-time = "2025-05-17T21:44:35.948Z" },
    { url = "https://files.pythonhosted.org/packages/17/f4/09b2fa1b58f0fb4f7c7963a1649c64c4d315752240377ed74d9cd878f7b5/numpy-2.2.6-pp310-pypy310_pp73-macosx_14_0_x86_64.whl", hash = "sha256:7befc596a7dc9da8a337f79802ee8adb30a552a94f792b9c9d18c840055907db", size = 6786754, upload-time = "2025-05-17T21:44:47.446Z" },
    { url = "https://files.pythonhosted.org/packages/af/30/feba75f143bdc868a1cc3f44ccfa6c4b9ec522b36458e738cd00f67b573f/numpy-2.2.6-pp310-pypy310_pp73-manylinux_2_17_x86_64.manylinux2014_x86_64.whl", hash = "sha256:ce47521a4754c8f4593837384bd3424880629f718d87c5d44f8ed763edd63543", size = 16643476, upload-time = "2025-05-17T21:45:11.871Z" },
    { url = "https://files.pythonhosted.org/packages/37/48/ac2a9584402fb6c0cd5b5d1a91dcf176b15760130dd386bbafdbfe3640bf/numpy-2.2.6-pp310-pypy310_pp73-win_amd64.whl", hash = "sha256:d042d24c90c41b54fd506da306759e06e568864df8ec17ccc17e9e884634fd00", size = 12812666, upload-time = "2025-05-17T21:45:31.426Z" },
]

[[package]]
name = "pandas"
version = "2.3.3"
source = { registry = "https://pypi.org/simple" }
dependencies = [
    { name = "numpy" },
    { name = "python-dateutil" },
    { name = "pytz" },
    { name = "tzdata" },
]
sdist = { url = "https://files.pythonhosted.org/packages/33/01/d40b85317f86cf08d853a4f495195c73815fdf205eef3993821720274518/pandas-2.3.3.tar.gz", hash = "sha256:e05e1af93b977f7eafa636d043f9f94c7ee3ac81af99c13508215942e64c993b", size = 4495223, upload-time = "2025-09-29T23:34:51.853Z" }
wheels = [
    { url = "https://files.pythonhosted.org/packages/3d/f7/f425a00df4fcc22b292c6895c6831c0c8ae1d9fac1e024d16f98a9ce8749/pandas-2.3.3-cp310-cp310-macosx_10_9_x86_64.whl", hash = "sha256:376c6446ae31770764215a6c937f72d917f214b43560603cd60da6408f183b6c", size = 11555763, upload-time = "2025-09-29T23:16:53.287Z" },
    { url = "https://files.pythonhosted.org/packages/13/4f/66d99628ff8ce7857aca52fed8f0066ce209f96be2fede6cef9f84e8d04f/pandas-2.3.3-cp310-cp310-macosx_11_0_arm64.whl", hash = "sha256:e19d192383eab2f4ceb30b412b22ea30690c9e618f78870357ae1d682912015a", size = 10801217, upload-time = "2025-09-29T23:17:04.522Z" },
    { url = "https://files.pythonhosted.org/packages/1d/03/3fc4a529a7710f890a239cc496fc6d50ad4a0995657dccc1d64695adb9f4/pandas-2.3.3-cp310-cp310-manylinux_2_24_aarch64.manylinux_2_28_aarch64.whl", hash = "sha256:5caf26f64126b6c7aec964f74266f435afef1c1b13da3b0636c7518a1fa3e2b1", size = 12148791, upload-time = "2025-09-29T23:17:18.444Z" },
    { url = "https://files.pythonhosted.org/packages/40/a8/4dac1f8f8235e5d25b9955d02ff6f29396191d4e665d71122c3722ca83c5/pandas-2.3.3-cp310-cp310-manylinux_2_24_x86_64.manylinux_2_28_x86_64.whl", hash = "sha256:dd7478f1463441ae4ca7308a70e90b33470fa593429f9d4c578dd00d1fa78838", size = 12769373, upload-time = "2025-09-29T23:17:35.846Z" },
    { url = "https://files.pythonhosted.org/packages/df/91/82cc5169b6b25440a7fc0ef3a694582418d875c8e3ebf796a6d6470aa578/pandas-2.3.3-cp310-cp310-musllinux_1_2_aarch64.whl", hash = "sha256:4793891684806ae50d1288c9bae9330293ab4e083ccd1c5e383c34549c6e4250", size = 13200444, upload-time = "2025-09-29T23:17:49.341Z" },
    { url = "https://files.pythonhosted.org/packages/10/ae/89b3283800ab58f7af2952704078555fa60c807fff764395bb57ea0b0dbd/pandas-2.3.3-cp310-cp310-musllinux_1_2_x86_64.whl", hash = "sha256:28083c648d9a99a5dd035ec125d42439c6c1c525098c58af0fc38dd1a7a1b3d4", size = 13858459, upload-time = "2025-09-29T23:18:03.722Z" },
    { url = "https://files.pythonhosted.org/packages/85/72/530900610650f54a35a19476eca5104f38555afccda1aa11a92ee14cb21d/pandas-2.3.3-cp310-cp310-win_amd64.whl", hash = "sha256:503cf027cf9940d2ceaa1a93cfb5f8c8c7e6e90720a2850378f0b3f3b1e06826", size = 11346086, upload-time = "2025-09-29T23:18:18.505Z" },
]

[[package]]
name = "paramiko"
version = "5.0.0"
source = { registry = "https://pypi.org/simple" }
dependencies = [
    { name = "bcrypt" },
    { name = "cryptography" },
    { name = "invoke" },
    { name = "pynacl" },
]
sdist = { url = "https://files.pythonhosted.org/packages/62/93/dcc25d52f49022ae6175d15e6bd751f1acc99b98bc61fc55e5155a7be2e7/paramiko-5.0.0.tar.gz", hash = "sha256:36763b5b95c2a0dcfdf1abc48e48156ee425b21efe2f0e787c2dd5a95c0e5e79", size = 1548586, upload-time = "2026-05-09T18:28:52.256Z" }
wheels = [
    { url = "https://files.pythonhosted.org/packages/82/5b/eadf6d45de38d30ab603f49393b6cd2cbe7e233af8cf90197e32782b68a9/paramiko-5.0.0-py3-none-any.whl", hash = "sha256:b7044611c30140d9a75261653210e2002977b71a0497ff3ba0d98d7edbf62f7c", size = 208919, upload-time = "2026-05-09T18:28:50.295Z" },
]

[[package]]
name = "personal-automation"
version = "0.1.0"
source = { virtual = "." }
dependencies = [
    { name = "pandas" },
    { name = "paramiko" },
    { name = "python-dotenv" },
    { name = "pytz" },
    { name = "readable-utils" },
    { name = "scp" },
    { name = "tabulate" },
]

[package.dev-dependencies]
dev = [
    { name = "flake8" },
    { name = "isort" },
]

[package.metadata]
requires-dist = [
    { name = "pandas", specifier = ">=2.2.3" },
    { name = "paramiko", specifier = ">=5.0.0" },
    { name = "python-dotenv", specifier = ">=1.0.1" },
    { name = "pytz", specifier = ">=2024.1" },
    { name = "readable-utils", git = "https://github.com/ReadableCode/readable_utils.git?tag=v0.2.0" },
    { name = "scp", specifier = ">=0.16.0" },
    { name = "tabulate", specifier = ">=0.9.0" },
]

[package.metadata.requires-dev]
dev = [
    { name = "flake8", specifier = ">=7.0.0" },
    { name = "isort", specifier = ">=5.0.0" },
]

[[package]]
name = "pycodestyle"
version = "2.14.0"
source = { registry = "https://pypi.org/simple" }
sdist = { url = "https://files.pythonhosted.org/packages/11/e0/abfd2a0d2efe47670df87f3e3a0e2edda42f055053c85361f19c0e2c1ca8/pycodestyle-2.14.0.tar.gz", hash = "sha256:c4b5b517d278089ff9d0abdec919cd97262a3367449ea1c8b49b91529167b783", size = 39472, upload-time = "2025-06-20T18:49:48.75Z" }
wheels = [
    { url = "https://files.pythonhosted.org/packages/d7/27/a58ddaf8c588a3ef080db9d0b7e0b97215cee3a45df74f3a94dbbf5c893a/pycodestyle-2.14.0-py2.py3-none-any.whl", hash = "sha256:dd6bf7cb4ee77f8e016f9c8e74a35ddd9f67e1d5fd4184d86c3b98e07099f42d", size = 31594, upload-time = "2025-06-20T18:49:47.491Z" },
]

[[package]]
name = "pycparser"
version = "3.0"
source = { registry = "https://pypi.org/simple" }
sdist = { url = "https://files.pythonhosted.org/packages/1b/7d/92392ff7815c21062bea51aa7b87d45576f649f16458d78b7cf94b9ab2e6/pycparser-3.0.tar.gz", hash = "sha256:600f49d217304a5902ac3c37e1281c9fe94e4d0489de643a9504c5cdfdfc6b29", size = 103492, upload-time = "2026-01-21T14:26:51.89Z" }
wheels = [
    { url = "https://files.pythonhosted.org/packages/0c/c3/44f3fbbfa403ea2a7c779186dc20772604442dde72947e7d01069cbe98e3/pycparser-3.0-py3-none-any.whl", hash = "sha256:b727414169a36b7d524c1c3e31839a521725078d7b2ff038656844266160a992", size = 48172, upload-time = "2026-01-21T14:26:50.693Z" },
]

[[package]]
name = "pyflakes"
version = "3.4.0"
source = { registry = "https://pypi.org/simple" }
sdist = { url = "https://files.pythonhosted.org/packages/45/dc/fd034dc20b4b264b3d015808458391acbf9df40b1e54750ef175d39180b1/pyflakes-3.4.0.tar.gz", hash = "sha256:b24f96fafb7d2ab0ec5075b7350b3d2d2218eab42003821c06344973d3ea2f58", size = 64669, upload-time = "2025-06-20T18:45:27.834Z" }
wheels = [
    { url = "https://files.pythonhosted.org/packages/c2/2f/81d580a0fb83baeb066698975cb14a618bdbed7720678566f1b046a95fe8/pyflakes-3.4.0-py2.py3-none-any.whl", hash = "sha256:f742a7dbd0d9cb9ea41e9a24a918996e8170c799fa528688d40dd582c8265f4f", size = 63551, upload-time = "2025-06-20T18:45:26.937Z" },
]

[[package]]
name = "pynacl"
version = "1.6.2"
source = { registry = "https://pypi.org/simple" }
dependencies = [
    { name = "cffi", marker = "platform_python_implementation != 'PyPy'" },
]
sdist = { url = "https://files.pythonhosted.org/packages/d9/9a/4019b524b03a13438637b11538c82781a5eda427394380381af8f04f467a/pynacl-1.6.2.tar.gz", hash = "sha256:018494d6d696ae03c7e656e5e74cdfd8ea1326962cc401bcf018f1ed8436811c", size = 3511692, upload-time = "2026-01-01T17:48:10.851Z" }
wheels = [
    { url = "https://files.pythonhosted.org/packages/be/7b/4845bbf88e94586ec47a432da4e9107e3fc3ce37eb412b1398630a37f7dd/pynacl-1.6.2-cp38-abi3-macosx_10_10_universal2.whl", hash = "sha256:c949ea47e4206af7c8f604b8278093b674f7c79ed0d4719cc836902bf4517465", size = 388458, upload-time = "2026-01-01T17:32:16.829Z" },
    { url = "https://files.pythonhosted.org/packages/1e/b4/e927e0653ba63b02a4ca5b4d852a8d1d678afbf69b3dbf9c4d0785ac905c/pynacl-1.6.2-cp38-abi3-manylinux2014_aarch64.manylinux_2_17_aarch64.whl", hash = "sha256:8845c0631c0be43abdd865511c41eab235e0be69c81dc66a50911594198679b0", size = 800020, upload-time = "2026-01-01T17:32:18.34Z" },
    { url = "https://files.pythonhosted.org/packages/7f/81/d60984052df5c97b1d24365bc1e30024379b42c4edcd79d2436b1b9806f2/pynacl-1.6.2-cp38-abi3-manylinux2014_x86_64.manylinux_2_17_x86_64.whl", hash = "sha256:22de65bb9010a725b0dac248f353bb072969c94fa8d6b1f34b87d7953cf7bbe4", size = 1399174, upload-time = "2026-01-01T17:32:20.239Z" },
    { url = "https://files.pythonhosted.org/packages/68/f7/322f2f9915c4ef27d140101dd0ed26b479f7e6f5f183590fd32dfc48c4d3/pynacl-1.6.2-cp38-abi3-manylinux_2_26_aarch64.manylinux_2_28_aarch64.whl", hash = "sha256:46065496ab748469cdd999246d17e301b2c24ae2fdf739132e580a0e94c94a87", size = 835085, upload-time = "2026-01-01T17:32:22.24Z" },
    { url = "https://files.pythonhosted.org/packages/3e/d0/f301f83ac8dbe53442c5a43f6a39016f94f754d7a9815a875b65e218a307/pynacl-1.6.2-cp38-abi3-manylinux_2_26_x86_64.manylinux_2_28_x86_64.whl", hash = "sha256:8a66d6fb6ae7661c58995f9c6435bda2b1e68b54b598a6a10247bfcdadac996c", size = 1437614, upload-time = "2026-01-01T17:32:23.766Z" },
    { url = "https://files.pythonhosted.org/packages/c4/58/fc6e649762b029315325ace1a8c6be66125e42f67416d3dbd47b69563d61/pynacl-1.6.2-cp38-abi3-manylinux_2_34_aarch64.whl", hash = "sha256:26bfcd00dcf2cf160f122186af731ae30ab120c18e8375684ec2670dccd28130", size = 818251, upload-time = "2026-01-01T17:32:25.69Z" },
    { url = "https://files.pythonhosted.org/packages/c9/a8/b917096b1accc9acd878819a49d3d84875731a41eb665f6ebc826b1af99e/pynacl-1.6.2-cp38-abi3-manylinux_2_34_x86_64.whl", hash = "sha256:c8a231e36ec2cab018c4ad4358c386e36eede0319a0c41fed24f840b1dac59f6", size = 1402859, upload-time = "2026-01-01T17:32:27.215Z" },
    { url = "https://files.pythonhosted.org/packages/85/42/fe60b5f4473e12c72f977548e4028156f4d340b884c635ec6b063fe7e9a5/pynacl-1.6.2-cp38-abi3-musllinux_1_2_aarch64.whl", hash = "sha256:68be3a09455743ff9505491220b64440ced8973fe930f270c8e07ccfa25b1f9e", size = 791926, upload-time = "2026-01-01T17:32:29.314Z" },
    { url = "https://files.pythonhosted.org/packages/fa/f9/e40e318c604259301cc091a2a63f237d9e7b424c4851cafaea4ea7c4834e/pynacl-1.6.2-cp38-abi3-musllinux_1_2_x86_64.whl", hash = "sha256:8b097553b380236d51ed11356c953bf8ce36a29a3e596e934ecabe76c985a577", size = 1363101, upload-time = "2026-01-01T17:32:31.263Z" },
    { url = "https://files.pythonhosted.org/packages/48/47/e761c254f410c023a469284a9bc210933e18588ca87706ae93002c05114c/pynacl-1.6.2-cp38-abi3-win32.whl", hash = "sha256:5811c72b473b2f38f7e2a3dc4f8642e3a3e9b5e7317266e4ced1fba85cae41aa", size = 227421, upload-time = "2026-01-01T17:32:33.076Z" },
    { url = "https://files.pythonhosted.org/packages/41/ad/334600e8cacc7d86587fe5f565480fde569dfb487389c8e1be56ac21d8ac/pynacl-1.6.2-cp38-abi3-win_amd64.whl", hash = "sha256:62985f233210dee6548c223301b6c25440852e13d59a8b81490203c3227c5ba0", size = 239754, upload-time = "2026-01-01T17:32:34.557Z" },
    { url = "https://files.pythonhosted.org/packages/29/7d/5945b5af29534641820d3bd7b00962abbbdfee84ec7e19f0d5b3175f9a31/pynacl-1.6.2-cp38-abi3-win_arm64.whl", hash = "sha256:834a43af110f743a754448463e8fd61259cd4ab5bbedcf70f9dabad1d28a394c", size = 184801, upload-time = "2026-01-01T17:32:36.309Z" },
]

[[package]]
name = "python-dateutil"
version = "2.9.0.post0"
source = { registry = "https://pypi.org/simple" }
dependencies = [
    { name = "six" },
]
sdist = { url = "https://files.pythonhosted.org/packages/66/c0/0c8b6ad9f17a802ee498c46e004a0eb49bc148f2fd230864601a86dcf6db/python-dateutil-2.9.0.post0.tar.gz", hash = "sha256:37dd54208da7e1cd875388217d5e00ebd4179249f90fb72437e91a35459a0ad3", size = 342432, upload-time = "2024-03-01T18:36:20.211Z" }
wheels = [
    { url = "https://files.pythonhosted.org/packages/ec/57/56b9bcc3c9c6a792fcbaf139543cee77261f3651ca9da0c93f5c1221264b/python_dateutil-2.9.0.post0-py2.py3-none-any.whl", hash = "sha256:a8b2bc7bffae282281c8140a97d3aa9c14da0b136dfe83f850eea9a5f7470427", size = 229892, upload-time = "2024-03-01T18:36:18.57Z" },
]

[[package]]
name = "python-dotenv"
version = "1.2.2"
source = { registry = "https://pypi.org/simple" }
sdist = { url = "https://files.pythonhosted.org/packages/82/ed/0301aeeac3e5353ef3d94b6ec08bbcabd04a72018415dcb29e588514bba8/python_dotenv-1.2.2.tar.gz", hash = "sha256:2c371a91fbd7ba082c2c1dc1f8bf89ca22564a087c2c287cd9b662adde799cf3", size = 50135, upload-time = "2026-03-01T16:00:26.196Z" }
wheels = [
    { url = "https://files.pythonhosted.org/packages/0b/d7/1959b9648791274998a9c3526f6d0ec8fd2233e4d4acce81bbae76b44b2a/python_dotenv-1.2.2-py3-none-any.whl", hash = "sha256:1d8214789a24de455a8b8bd8ae6fe3c6b69a5e3d64aa8a8e5d68e694bbcb285a", size = 22101, upload-time = "2026-03-01T16:00:25.09Z" },
]

[[package]]
name = "pytz"
version = "2026.2"
source = { registry = "https://pypi.org/simple" }
sdist = { url = "https://files.pythonhosted.org/packages/ff/46/dd499ec9038423421951e4fad73051febaa13d2df82b4064f87af8b8c0c3/pytz-2026.2.tar.gz", hash = "sha256:0e60b47b29f21574376f218fe21abc009894a2321ea16c6754f3cad6eb7cdd6a", size = 320861, upload-time = "2026-05-04T01:35:29.667Z" }
wheels = [
    { url = "https://files.pythonhosted.org/packages/ec/dd/96da98f892250475bdf2328112d7468abdd4acc7b902b6af23f4ed958ea0/pytz-2026.2-py2.py3-none-any.whl", hash = "sha256:04156e608bee23d3792fd45c94ae47fae1036688e75032eea2e3bf0323d1f126", size = 510141, upload-time = "2026-05-04T01:35:27.408Z" },
]

[[package]]
name = "readable-utils"
version = "0.2.0"
source = { git = "https://github.com/ReadableCode/readable_utils.git?tag=v0.2.0#79be5e84e66230df890bd67fb3d3747fe7847417" }
dependencies = [
    { name = "pandas" },
    { name = "python-dotenv" },
    { name = "pytz" },
    { name = "tabulate" },
]

[[package]]
name = "scp"
version = "0.16.0"
source = { registry = "https://pypi.org/simple" }
dependencies = [
    { name = "paramiko" },
]
sdist = { url = "https://files.pythonhosted.org/packages/7f/e1/34634a89f100fcf4f014aca65621e701c5b9053cec62b6386866e3f015d5/scp-0.16.0.tar.gz", hash = "sha256:1763a4b8ac424ea0c304f58b95a4a4a51d503a834ed77b4e89f1a32b30cbe662", size = 13082, upload-time = "2026-07-13T17:42:56.602Z" }
wheels = [
    { url = "https://files.pythonhosted.org/packages/b1/dd/cc5f856d7c37d2a23f8e458f65282d9cb53c790e90a2cca1c52652fd6352/scp-0.16.0-py2.py3-none-any.whl", hash = "sha256:4564d7032522e113c7e56918f99d476ae70dd7c97c6667d0e74b65648d203eca", size = 8899, upload-time = "2026-07-13T17:43:08.48Z" },
]

[[package]]
name = "six"
version = "1.17.0"
source = { registry = "https://pypi.org/simple" }
sdist = { url = "https://files.pythonhosted.org/packages/94/e7/b2c673351809dca68a0e064b6af791aa332cf192da575fd474ed7d6f16a2/six-1.17.0.tar.gz", hash = "sha256:ff70335d468e7eb6ec65b95b99d3a2836546063f63acc5171de367e834932a81", size = 34031, upload-time = "2024-12-04T17:35:28.174Z" }
wheels = [
    { url = "https://files.pythonhosted.org/packages/b7/ce/149a00dd41f10bc29e5921b496af8b574d8413afcd5e30dfa0ed46c2cc5e/six-1.17.0-py2.py3-none-any.whl", hash = "sha256:4721f391ed90541fddacab5acf947aa0d3dc7d27b2e1e8eda2be8970586c3274", size = 11050, upload-time = "2024-12-04T17:35:26.475Z" },
]

[[package]]
name = "tabulate"
version = "0.10.0"
source = { registry = "https://pypi.org/simple" }
sdist = { url = "https://files.pythonhosted.org/packages/46/58/8c37dea7bbf769b20d58e7ace7e5edfe65b849442b00ffcdd56be88697c6/tabulate-0.10.0.tar.gz", hash = "sha256:e2cfde8f79420f6deeffdeda9aaec3b6bc5abce947655d17ac662b126e48a60d", size = 91754, upload-time = "2026-03-04T18:55:34.402Z" }
wheels = [
    { url = "https://files.pythonhosted.org/packages/99/55/db07de81b5c630da5cbf5c7df646580ca26dfaefa593667fc6f2fe016d2e/tabulate-0.10.0-py3-none-any.whl", hash = "sha256:f0b0622e567335c8fabaaa659f1b33bcb6ddfe2e496071b743aa113f8774f2d3", size = 39814, upload-time = "2026-03-04T18:55:31.284Z" },
]

[[package]]
name = "typing-extensions"
version = "4.16.0"
source = { registry = "https://pypi.org/simple" }
sdist = { url = "https://files.pythonhosted.org/packages/f6/cc/6253133b5bb138fc3306cebfbda2c520f545d36b5be2c7255cc528bb45d6/typing_extensions-4.16.0.tar.gz", hash = "sha256:dc983d19a509c94dba722ee6abd33940f7c05a89e243c47e907eb4db6f1a43e5", size = 113555, upload-time = "2026-07-02T08:40:05.92Z" }
wheels = [
    { url = "https://files.pythonhosted.org/packages/49/d3/b8441a820a491ddfc024b0b0cf0393375b75ea13866d9c66727e54c2fc80/typing_extensions-4.16.0-py3-none-any.whl", hash = "sha256:481caa481374e813c1b176ada14e97f1f67a4539ce9cfeb3f350d78d6370c2e8", size = 45571, upload-time = "2026-07-02T08:40:04.659Z" },
]

[[package]]
name = "tzdata"
version = "2026.2"
source = { registry = "https://pypi.org/simple" }
sdist = { url = "https://files.pythonhosted.org/packages/ba/19/1b9b0e29f30c6d35cb345486df41110984ea67ae69dddbc0e8a100999493/tzdata-2026.2.tar.gz", hash = "sha256:9173fde7d80d9018e02a662e168e5a2d04f87c41ea174b139fbef642eda62d10", size = 198254, upload-time = "2026-04-24T15:22:08.651Z" }
wheels = [
    { url = "https://files.pythonhosted.org/packages/ce/e4/dccd7f47c4b64213ac01ef921a1337ee6e30e8c6466046018326977efd95/tzdata-2026.2-py2.py3-none-any.whl", hash = "sha256:bbe9af844f658da81a5f95019480da3a89415801f6cc966806612cc7169bffe7", size = 349321, upload-time = "2026-04-24T15:22:05.876Z" },
]
